dependencies:
- name: keycloak
  repository: oci://gcr.io/vectice-public/vectice/helm
  version: 234.10.0
- name: frontend
  repository: oci://gcr.io/vectice-public/vectice/helm
  version: 234.10.0
- name: backend
  repository: oci://gcr.io/vectice-public/vectice/helm
  version: 234.10.1
digest: sha256:76c7d358896d6ba02a87e5c4798e9051bc64bcbbec84e96469206e89475992de
generated: "2024-01-19T11:25:54.473341376+01:00"
